
Microsoft Visual Studio Solution File, Format Version 12.00
# Visual Studio Version 17
VisualStudioVersion = 17.7.34202.233
MinimumVisualStudioVersion = 10.0.40219.1
Project("{FAE04EC0-301F-11D3-BF4B-00C04F79EFBC}") = "FacturacionIVA", "FacturacionIVA\FacturacionIVA.csproj", "{32D725D2-37A6-4871-B99C-647F6EBEF127}"
EndProject
Global
	GlobalSection(SolutionConfigurationPlatforms) = preSolution
		Debug|Any CPU = Debug|Any CPU
		Release|Any CPU = Release|Any CPU
	EndGlobalSection
	GlobalSection(ProjectConfigurationPlatforms) = postSolution
		{32D725D2-37A6-4871-B99C-647F6EBEF127}.Debug|Any CPU.ActiveCfg = Debug|Any CPU
		{32D725D2-37A6-4871-B99C-647F6EBEF127}.Debug|Any CPU.Build.0 = Debug|Any CPU
		{32D725D2-37A6-4871-B99C-647F6EBEF127}.Release|Any CPU.ActiveCfg = Release|Any CPU
		{32D725D2-37A6-4871-B99C-647F6EBEF127}.Release|Any CPU.Build.0 = Release|Any CPU
	EndGlobalSection
	GlobalSection(SolutionProperties) = preSolution
		HideSolutionNode = FALSE
	EndGlobalSection
	GlobalSection(ExtensibilityGlobals) = postSolution
		SolutionGuid = {6B58ADFD-205D-4236-9EBA-FD4BD0180DBF}
	EndGlobalSection
EndGlobal
